dependencies:
- name: node-event
  repository: file://../feeder
  version: 0.1.0
- name: knoxautopolicy
  repository: file://../autoPolicy
  version: 0.1.0
- name: mysql
  repository: https://charts.bitnami.com/bitnami
  version: 8.6.1
- name: cilium
  repository: https://helm.cilium.io
  version: 1.10.0
digest: sha256:278498a370e819aeea5bfae579b81e5dd98a5a449c328a42281a2bcb299d6581
generated: "2021-06-10T14:29:33.696223698+05:30"
